dependencies:
- name: postgresql
  repository: https://charts.bitnami.com/bitnami
  version: 10.16.2
- name: redis
  repository: https://charts.bitnami.com/bitnami
  version: 16.6.0
digest: sha256:aabd0ad2eeaddd9863084eea27c992085b4f0ee92fb59adf812565b959cbba68
generated: "2022-06-03T12:11:23.1034983+03:00"
